// !$*UTF8*$!
{
	archiveVersion = 1;
	classes = {
	};
	objectVersion = 56;
	objects = {

/* Begin PBXBuildFile section */
		C42C8BD329BA41700043AA7B /* CryptoAppApp.swift in Sources */ = {isa = PBXBuildFile; fileRef = C42C8BD229BA41700043AA7B /* CryptoAppApp.swift */; };
		C42C8BD529BA41700043AA7B /* ContentView.swift in Sources */ = {isa = PBXBuildFile; fileRef = C42C8BD429BA41700043AA7B /* ContentView.swift */; };
		C42C8BDA29BA41710043AA7B /* Preview Assets.xcassets in Resources */ = {isa = PBXBuildFile; fileRef = C42C8BD929BA41710043AA7B /* Preview Assets.xcassets */; };
		C42C8BE129BA48680043AA7B /* Assets.xcassets in Resources */ = {isa = PBXBuildFile; fileRef = C42C8BE029BA48680043AA7B /* Assets.xcassets */; };
		C42C8BE629BA49F60043AA7B /* Color.swift in Sources */ = {isa = PBXBuildFile; fileRef = C42C8BE529BA49F60043AA7B /* Color.swift */; };
		C42C8BEC29BB6DEC0043AA7B /* HomeView.swift in Sources */ = {isa = PBXBuildFile; fileRef = C42C8BEB29BB6DEC0043AA7B /* HomeView.swift */; };
		C42C8BF029BB6EC10043AA7B /* CircleButtonView.swift in Sources */ = {isa = PBXBuildFile; fileRef = C42C8BEF29BB6EC10043AA7B /* CircleButtonView.swift */; };
		C42C8BF229BB72440043AA7B /* CircleButtonAnimationView.swift in Sources */ = {isa = PBXBuildFile; fileRef = C42C8BF129BB72440043AA7B /* CircleButtonAnimationView.swift */; };
		C42C8BF529BB76F20043AA7B /* CoinModel.swift in Sources */ = {isa = PBXBuildFile; fileRef = C42C8BF429BB76F20043AA7B /* CoinModel.swift */; };
		C42C8BF729BB80F80043AA7B /* CoinRowView.swift in Sources */ = {isa = PBXBuildFile; fileRef = C42C8BF629BB80F80043AA7B /* CoinRowView.swift */; };
		C42C8BFB29BB81850043AA7B /* PreviewProvider.swift in Sources */ = {isa = PBXBuildFile; fileRef = C42C8BFA29BB81850043AA7B /* PreviewProvider.swift */; };
		C42C8BFD29BB849E0043AA7B /* Double.swift in Sources */ = {isa = PBXBuildFile; fileRef = C42C8BFC29BB849E0043AA7B /* Double.swift */; };
		C42C8BFF29BB8FD90043AA7B /* HomeViewModel.swift in Sources */ = {isa = PBXBuildFile; fileRef = C42C8BFE29BB8FD90043AA7B /* HomeViewModel.swift */; };
		C42C8C0229BBCB140043AA7B /* CoinDataService.swift in Sources */ = {isa = PBXBuildFile; fileRef = C42C8C0129BBCB140043AA7B /* CoinDataService.swift */; };
		C42C8C0529BF6BE40043AA7B /* NetworkingManager.swift in Sources */ = {isa = PBXBuildFile; fileRef = C42C8C0429BF6BE40043AA7B /* NetworkingManager.swift */; };
/* End PBXBuildFile section */

/* Begin PBXFileReference section */
		C42C8BCF29BA41700043AA7B /* CryptoApp.app */ = {isa = PBXFileReference; explicitFileType = wrapper.application; includeInIndex = 0; path = CryptoApp.app; sourceTree = BUILT_PRODUCTS_DIR; };
		C42C8BD229BA41700043AA7B /* CryptoAppApp.swift */ = {isa = PBXFileReference; lastKnownFileType = sourcecode.swift; path = CryptoAppApp.swift; sourceTree = "<group>"; };
		C42C8BD429BA41700043AA7B /* ContentView.swift */ = {isa = PBXFileReference; lastKnownFileType = sourcecode.swift; path = ContentView.swift; sourceTree = "<group>"; };
		C42C8BD929BA41710043AA7B /* Preview Assets.xcassets */ = {isa = PBXFileReference; lastKnownFileType = folder.assetcatalog; path = "Preview Assets.xcassets"; sourceTree = "<group>"; };
		C42C8BE029BA48680043AA7B /* Assets.xcassets */ = {isa = PBXFileReference; lastKnownFileType = folder.assetcatalog; name = Assets.xcassets; path = ../../../../Downloads/Resources/Assets.xcassets; sourceTree = "<group>"; };
		C42C8BE529BA49F60043AA7B /* Color.swift */ = {isa = PBXFileReference; lastKnownFileType = sourcecode.swift; path = Color.swift; sourceTree = "<group>"; };
		C42C8BEB29BB6DEC0043AA7B /* HomeView.swift */ = {isa = PBXFileReference; lastKnownFileType = sourcecode.swift; path = HomeView.swift; sourceTree = "<group>"; };
		C42C8BEF29BB6EC10043AA7B /* CircleButtonView.swift */ = {isa = PBXFileReference; lastKnownFileType = sourcecode.swift; path = CircleButtonView.swift; sourceTree = "<group>"; };
		C42C8BF129BB72440043AA7B /* CircleButtonAnimationView.swift */ = {isa = PBXFileReference; lastKnownFileType = sourcecode.swift; path = CircleButtonAnimationView.swift; sourceTree = "<group>"; };
		C42C8BF429BB76F20043AA7B /* CoinModel.swift */ = {isa = PBXFileReference; lastKnownFileType = sourcecode.swift; path = CoinModel.swift; sourceTree = "<group>"; };
		C42C8BF629BB80F80043AA7B /* CoinRowView.swift */ = {isa = PBXFileReference; lastKnownFileType = sourcecode.swift; path = CoinRowView.swift; sourceTree = "<group>"; };
		C42C8BFA29BB81850043AA7B /* PreviewProvider.swift */ = {isa = PBXFileReference; lastKnownFileType = sourcecode.swift; path = PreviewProvider.swift; sourceTree = "<group>"; };
		C42C8BFC29BB849E0043AA7B /* Double.swift */ = {isa = PBXFileReference; lastKnownFileType = sourcecode.swift; path = Double.swift; sourceTree = "<group>"; };
		C42C8BFE29BB8FD90043AA7B /* HomeViewModel.swift */ = {isa = PBXFileReference; lastKnownFileType = sourcecode.swift; path = HomeViewModel.swift; sourceTree = "<group>"; };
		C42C8C0129BBCB140043AA7B /* CoinDataService.swift */ = {isa = PBXFileReference; lastKnownFileType = sourcecode.swift; path = CoinDataService.swift; sourceTree = "<group>"; };
		C42C8C0429BF6BE40043AA7B /* NetworkingManager.swift */ = {isa = PBXFileReference; lastKnownFileType = sourcecode.swift; path = NetworkingManager.swift; sourceTree = "<group>"; };
/* End PBXFileReference section */

/* Begin PBXFrameworksBuildPhase section */
		C42C8BCC29BA41700043AA7B /* Frameworks */ = {
			isa = PBXFrameworksBuildPhase;
			buildActionMask = 2147483647;
			files = (
			);
			runOnlyForDeploymentPostprocessing = 0;
		};
/* End PBXFrameworksBuildPhase section */

/* Begin PBXGroup section */
		C42C8BC629BA41700043AA7B = {
			isa = PBXGroup;
			children = (
				C42C8BD129BA41700043AA7B /* CryptoApp */,
				C42C8BD029BA41700043AA7B /* Products */,
			);
			sourceTree = "<group>";
		};
		C42C8BD029BA41700043AA7B /* Products */ = {
			isa = PBXGroup;
			children = (
				C42C8BCF29BA41700043AA7B /* CryptoApp.app */,
			);
			name = Products;
			sourceTree = "<group>";
		};
		C42C8BD129BA41700043AA7B /* CryptoApp */ = {
			isa = PBXGroup;
			children = (
				C42C8BD229BA41700043AA7B /* CryptoAppApp.swift */,
				C42C8C0329BF6BB80043AA7B /* Utilities */,
				C42C8BE429BA49EC0043AA7B /* Extension */,
				C42C8C0029BBCAED0043AA7B /* Services */,
				C42C8BF329BB76D00043AA7B /* Models */,
				C42C8BE729BB6DBA0043AA7B /* Core */,
				C42C8BD429BA41700043AA7B /* ContentView.swift */,
				C42C8BE029BA48680043AA7B /* Assets.xcassets */,
				C42C8BD829BA41710043AA7B /* Preview Content */,
			);
			path = CryptoApp;
			sourceTree = "<group>";
		};
		C42C8BD829BA41710043AA7B /* Preview Content */ = {
			isa = PBXGroup;
			children = (
				C42C8BD929BA41710043AA7B /* Preview Assets.xcassets */,
			);
			path = "Preview Content";
			sourceTree = "<group>";
		};
		C42C8BE429BA49EC0043AA7B /* Extension */ = {
			isa = PBXGroup;
			children = (
				C42C8BE529BA49F60043AA7B /* Color.swift */,
				C42C8BFA29BB81850043AA7B /* PreviewProvider.swift */,
				C42C8BFC29BB849E0043AA7B /* Double.swift */,
			);
			path = Extension;
			sourceTree = "<group>";
		};
		C42C8BE729BB6DBA0043AA7B /* Core */ = {
			isa = PBXGroup;
			children = (
				C42C8BED29BB6E9A0043AA7B /* Components */,
				C42C8BE829BB6DCA0043AA7B /* Home */,
			);
			path = Core;
			sourceTree = "<group>";
		};
		C42C8BE829BB6DCA0043AA7B /* Home */ = {
			isa = PBXGroup;
			children = (
				C42C8BEA29BB6DDE0043AA7B /* ViewModels */,
				C42C8BE929BB6DD90043AA7B /* Views */,
			);
			path = Home;
			sourceTree = "<group>";
		};
		C42C8BE929BB6DD90043AA7B /* Views */ = {
			isa = PBXGroup;
			children = (
				C42C8BEB29BB6DEC0043AA7B /* HomeView.swift */,
				C42C8BF629BB80F80043AA7B /* CoinRowView.swift */,
			);
			path = Views;
			sourceTree = "<group>";
		};
		C42C8BEA29BB6DDE0043AA7B /* ViewModels */ = {
			isa = PBXGroup;
			children = (
				C42C8BFE29BB8FD90043AA7B /* HomeViewModel.swift */,
			);
			path = ViewModels;
			sourceTree = "<group>";
		};
		C42C8BED29BB6E9A0043AA7B /* Components */ = {
			isa = PBXGroup;
			children = (
				C42C8BEE29BB6EB40043AA7B /* CircleButton */,
			);
			path = Components;
			sourceTree = "<group>";
		};
		C42C8BEE29BB6EB40043AA7B /* CircleButton */ = {
			isa = PBXGroup;
			children = (
				C42C8BEF29BB6EC10043AA7B /* CircleButtonView.swift */,
				C42C8BF129BB72440043AA7B /* CircleButtonAnimationView.swift */,
			);
			path = CircleButton;
			sourceTree = "<group>";
		};
		C42C8BF329BB76D00043AA7B /* Models */ = {
			isa = PBXGroup;
			children = (
				C42C8BF429BB76F20043AA7B /* CoinModel.swift */,
			);
			path = Models;
			sourceTree = "<group>";
		};
		C42C8C0029BBCAED0043AA7B /* Services */ = {
			isa = PBXGroup;
			children = (
				C42C8C0129BBCB140043AA7B /* CoinDataService.swift */,
			);
			path = Services;
			sourceTree = "<group>";
		};
		C42C8C0329BF6BB80043AA7B /* Utilities */ = {
			isa = PBXGroup;
			children = (
				C42C8C0429BF6BE40043AA7B /* NetworkingManager.swift */,
			);
			path = Utilities;
			sourceTree = "<group>";
		};
/* End PBXGroup section */

/* Begin PBXNativeTarget section */
		C42C8BCE29BA41700043AA7B /* CryptoApp */ = {
			isa = PBXNativeTarget;
			buildConfigurationList = C42C8BDD29BA41710043AA7B /* Build configuration list for PBXNativeTarget "CryptoApp" */;
			buildPhases = (
				C42C8BCB29BA41700043AA7B /* Sources */,
				C42C8BCC29BA41700043AA7B /* Frameworks */,
				C42C8BCD29BA41700043AA7B /* Resources */,
			);
			buildRules = (
			);
			dependencies = (
			);
			name = CryptoApp;
			productName = CryptoApp;
			productReference = C42C8BCF29BA41700043AA7B /* CryptoApp.app */;
			productType = "com.apple.product-type.application";
		};
/* End PBXNativeTarget section */

/* Begin PBXProject section */
		C42C8BC729BA41700043AA7B /* Project object */ = {
			isa = PBXProject;
			attributes = {
				BuildIndependentTargetsInParallel = 1;
				LastSwiftUpdateCheck = 1400;
				LastUpgradeCheck = 1400;
				TargetAttributes = {
					C42C8BCE29BA41700043AA7B = {
						CreatedOnToolsVersion = 14.0;
					};
				};
			};
			buildConfigurationList = C42C8BCA29BA41700043AA7B /* Build configuration list for PBXProject "CryptoApp" */;
			compatibilityVersion = "Xcode 14.0";
			developmentRegion = en;
			hasScannedForEncodings = 0;
			knownRegions = (
				en,
				Base,
			);
			mainGroup = C42C8BC629BA41700043AA7B;
			productRefGroup = C42C8BD029BA41700043AA7B /* Products */;
			projectDirPath = "";
			projectRoot = "";
			targets = (
				C42C8BCE29BA41700043AA7B /* CryptoApp */,
			);
		};
/* End PBXProject section */

/* Begin PBXResourcesBuildPhase section */
		C42C8BCD29BA41700043AA7B /* Resources */ = {
			isa = PBXResourcesBuildPhase;
			buildActionMask = 2147483647;
			files = (
				C42C8BDA29BA41710043AA7B /* Preview Assets.xcassets in Resources */,
				C42C8BE129BA48680043AA7B /* Assets.xcassets in Resources */,
			);
			runOnlyForDeploymentPostprocessing = 0;
		};
/* End PBXResourcesBuildPhase section */

/* Begin PBXSourcesBuildPhase section */
		C42C8BCB29BA41700043AA7B /* Sources */ = {
			isa = PBXSourcesBuildPhase;
			buildActionMask = 2147483647;
			files = (
				C42C8C0229BBCB140043AA7B /* CoinDataService.swift in Sources */,
				C42C8BF729BB80F80043AA7B /* CoinRowView.swift in Sources */,
				C42C8BFF29BB8FD90043AA7B /* HomeViewModel.swift in Sources */,
				C42C8BD529BA41700043AA7B /* ContentView.swift in Sources */,
				C42C8BEC29BB6DEC0043AA7B /* HomeView.swift in Sources */,
				C42C8BD329BA41700043AA7B /* CryptoAppApp.swift in Sources */,
				C42C8BF029BB6EC10043AA7B /* CircleButtonView.swift in Sources */,
				C42C8BE629BA49F60043AA7B /* Color.swift in Sources */,
				C42C8C0529BF6BE40043AA7B /* NetworkingManager.swift in Sources */,
				C42C8BF229BB72440043AA7B /* CircleButtonAnimationView.swift in Sources */,
				C42C8BFB29BB81850043AA7B /* PreviewProvider.swift in Sources */,
				C42C8BFD29BB849E0043AA7B /* Double.swift in Sources */,
				C42C8BF529BB76F20043AA7B /* CoinModel.swift in Sources */,
			);
			runOnlyForDeploymentPostprocessing = 0;
		};
/* End PBXSourcesBuildPhase section */

/* Begin XCBuildConfiguration section */
		C42C8BDB29BA41710043AA7B /* Debug */ = {
			isa = XCBuildConfiguration;
			buildSettings = {
				ALWAYS_SEARCH_USER_PATHS = NO;
				CLANG_ANALYZER_NONNULL = YES;
				CLANG_ANALYZER_NUMBER_OBJECT_CONVERSION = YES_AGGRESSIVE;
				CLANG_CXX_LANGUAGE_STANDARD = "gnu++20";
				CLANG_ENABLE_MODULES = YES;
				CLANG_ENABLE_OBJC_ARC = YES;
				CLANG_ENABLE_OBJC_WEAK = YES;
				CLANG_WARN_BLOCK_CAPTURE_AUTORELEASING = YES;
				CLANG_WARN_BOOL_CONVERSION = YES;
				CLANG_WARN_COMMA = YES;
				CLANG_WARN_CONSTANT_CONVERSION = YES;
				CLANG_WARN_DEPRECATED_OBJC_IMPLEMENTATIONS = YES;
				CLANG_WARN_DIRECT_OBJC_ISA_USAGE = YES_ERROR;
				CLANG_WARN_DOCUMENTATION_COMMENTS = YES;
				CLANG_WARN_EMPTY_BODY = YES;
				CLANG_WARN_ENUM_CONVERSION = YES;
				CLANG_WARN_INFINITE_RECURSION = YES;
				CLANG_WARN_INT_CONVERSION = YES;
				CLANG_WARN_NON_LITERAL_NULL_CONVERSION = YES;
				CLANG_WARN_OBJC_IMPLICIT_RETAIN_SELF = YES;
				CLANG_WARN_OBJC_LITERAL_CONVERSION = YES;
				CLANG_WARN_OBJC_ROOT_CLASS = YES_ERROR;
				CLANG_WARN_QUOTED_INCLUDE_IN_FRAMEWORK_HEADER = YES;
				CLANG_WARN_RANGE_LOOP_ANALYSIS = YES;
				CLANG_WARN_STRICT_PROTOTYPES = YES;
				CLANG_WARN_SUSPICIOUS_MOVE = YES;
				CLANG_WARN_UNGUARDED_AVAILABILITY = YES_AGGRESSIVE;
				CLANG_WARN_UNREACHABLE_CODE = YES;
				CLANG_WARN__DUPLICATE_METHOD_MATCH = YES;
				COPY_PHASE_STRIP = NO;
				DEBUG_INFORMATION_FORMAT = dwarf;
				ENABLE_STRICT_OBJC_MSGSEND = YES;
				ENABLE_TESTABILITY = YES;
				GCC_C_LANGUAGE_STANDARD = gnu11;
				GCC_DYNAMIC_NO_PIC = NO;
				GCC_NO_COMMON_BLOCKS = YES;
				GCC_OPTIMIZATION_LEVEL = 0;
				GCC_PREPROCESSOR_DEFINITIONS = (
					"DEBUG=1",
					"$(inherited)",
				);
				GCC_WARN_64_TO_32_BIT_CONVERSION = YES;
				GCC_WARN_ABOUT_RETURN_TYPE = YES_ERROR;
				GCC_WARN_UNDECLARED_SELECTOR = YES;
				GCC_WARN_UNINITIALIZED_AUTOS = YES_AGGRESSIVE;
				GCC_WARN_UNUSED_FUNCTION = YES;
				GCC_WARN_UNUSED_VARIABLE = YES;
				IPHONEOS_DEPLOYMENT_TARGET = 16.0;
				MTL_ENABLE_DEBUG_INFO = INCLUDE_SOURCE;
				MTL_FAST_MATH = YES;
				ONLY_ACTIVE_ARCH = YES;
				SDKROOT = iphoneos;
				SWIFT_ACTIVE_COMPILATION_CONDITIONS = DEBUG;
				SWIFT_OPTIMIZATION_LEVEL = "-Onone";
			};
			name = Debug;
		};
		C42C8BDC29BA41710043AA7B /* Release */ = {
			isa = XCBuildConfiguration;
			buildSettings = {
				ALWAYS_SEARCH_USER_PATHS = NO;
				CLANG_ANALYZER_NONNULL = YES;
				CLANG_ANALYZER_NUMBER_OBJECT_CONVERSION = YES_AGGRESSIVE;
				CLANG_CXX_LANGUAGE_STANDARD = "gnu++20";
				CLANG_ENABLE_MODULES = YES;
				CLANG_ENABLE_OBJC_ARC = YES;
				CLANG_ENABLE_OBJC_WEAK = YES;
				CLANG_WARN_BLOCK_CAPTURE_AUTORELEASING = YES;
				CLANG_WARN_BOOL_CONVERSION = YES;
				CLANG_WARN_COMMA = YES;
				CLANG_WARN_CONSTANT_CONVERSION = YES;
				CLANG_WARN_DEPRECATED_OBJC_IMPLEMENTATIONS = YES;
				CLANG_WARN_DIRECT_OBJC_ISA_USAGE = YES_ERROR;
				CLANG_WARN_DOCUMENTATION_COMMENTS = YES;
				CLANG_WARN_EMPTY_BODY = YES;
				CLANG_WARN_ENUM_CONVERSION = YES;
				CLANG_WARN_INFINITE_RECURSION = YES;
				CLANG_WARN_INT_CONVERSION = YES;
				CLANG_WARN_NON_LITERAL_NULL_CONVERSION = YES;
				CLANG_WARN_OBJC_IMPLICIT_RETAIN_SELF = YES;
				CLANG_WARN_OBJC_LITERAL_CONVERSION = YES;
				CLANG_WARN_OBJC_ROOT_CLASS = YES_ERROR;
				CLANG_WARN_QUOTED_INCLUDE_IN_FRAMEWORK_HEADER = YES;
				CLANG_WARN_RANGE_LOOP_ANALYSIS = YES;
				CLANG_WARN_STRICT_PROTOTYPES = YES;
				CLANG_WARN_SUSPICIOUS_MOVE = YES;
				CLANG_WARN_UNGUARDED_AVAILABILITY = YES_AGGRESSIVE;
				CLANG_WARN_UNREACHABLE_CODE = YES;
				CLANG_WARN__DUPLICATE_METHOD_MATCH = YES;
				COPY_PHASE_STRIP = NO;
				DEBUG_INFORMATION_FORMAT = "dwarf-with-dsym";
				ENABLE_NS_ASSERTIONS = NO;
				ENABLE_STRICT_OBJC_MSGSEND = YES;
				GCC_C_LANGUAGE_STANDARD = gnu11;
				GCC_NO_COMMON_BLOCKS = YES;
				GCC_WARN_64_TO_32_BIT_CONVERSION = YES;
				GCC_WARN_ABOUT_RETURN_TYPE = YES_ERROR;
				GCC_WARN_UNDECLARED_SELECTOR = YES;
				GCC_WARN_UNINITIALIZED_AUTOS = YES_AGGRESSIVE;
				GCC_WARN_UNUSED_FUNCTION = YES;
				GCC_WARN_UNUSED_VARIABLE = YES;
				IPHONEOS_DEPLOYMENT_TARGET = 16.0;
				MTL_ENABLE_DEBUG_INFO = NO;
				MTL_FAST_MATH = YES;
				SDKROOT = iphoneos;
				SWIFT_COMPILATION_MODE = wholemodule;
				SWIFT_OPTIMIZATION_LEVEL = "-O";
				VALIDATE_PRODUCT = YES;
			};
			name = Release;
		};
		C42C8BDE29BA41710043AA7B /* Debug */ = {
			isa = XCBuildConfiguration;
			buildSettings = {
				ASSETCATALOG_COMPILER_APPICON_NAME = AppIcon;
				ASSETCATALOG_COMPILER_GLOBAL_ACCENT_COLOR_NAME = AccentColor;
				CODE_SIGN_STYLE = Automatic;
				CURRENT_PROJECT_VERSION = 1;
				DEVELOPMENT_ASSET_PATHS = "\"CryptoApp/Preview Content\"";
				DEVELOPMENT_TEAM = 3F5M8NKRQX;
				ENABLE_PREVIEWS = YES;
				GENERATE_INFOPLIST_FILE = YES;
				INFOPLIST_KEY_CFBundleDisplayName = Crypto;
				INFOPLIST_KEY_UIApplicationSceneManifest_Generation = YES;
				INFOPLIST_KEY_UIApplicationSupportsIndirectInputEvents = YES;
				INFOPLIST_KEY_UILaunchScreen_Generation = YES;
				INFOPLIST_KEY_UISupportedInterfaceOrientations = UIInterfaceOrientationPortrait;
				LD_RUNPATH_SEARCH_PATHS = (
					"$(inherited)",
					"@executable_path/Frameworks",
				);
				MARKETING_VERSION = 1.0;
				PRODUCT_BUNDLE_IDENTIFIER = com.elodie.CryptoApp;
				PRODUCT_NAME = "$(TARGET_NAME)";
				SWIFT_EMIT_LOC_STRINGS = YES;
				SWIFT_VERSION = 5.0;
				TARGETED_DEVICE_FAMILY = "1,2";
			};
			name = Debug;
		};
		C42C8BDF29BA41710043AA7B /* Release */ = {
			isa = XCBuildConfiguration;
			buildSettings = {
				ASSETCATALOG_COMPILER_APPICON_NAME = AppIcon;
				ASSETCATALOG_COMPILER_GLOBAL_ACCENT_COLOR_NAME = AccentColor;
				CODE_SIGN_STYLE = Automatic;
				CURRENT_PROJECT_VERSION = 1;
				DEVELOPMENT_ASSET_PATHS = "\"CryptoApp/Preview Content\"";
				DEVELOPMENT_TEAM = 3F5M8NKRQX;
				ENABLE_PREVIEWS = YES;
				GENERATE_INFOPLIST_FILE = YES;
				INFOPLIST_KEY_CFBundleDisplayName = Crypto;
				INFOPLIST_KEY_UIApplicationSceneManifest_Generation = YES;
				INFOPLIST_KEY_UIApplicationSupportsIndirectInputEvents = YES;
				INFOPLIST_KEY_UILaunchScreen_Generation = YES;
				INFOPLIST_KEY_UISupportedInterfaceOrientations = UIInterfaceOrientationPortrait;
				LD_RUNPATH_SEARCH_PATHS = (
					"$(inherited)",
					"@executable_path/Frameworks",
				);
				MARKETING_VERSION = 1.0;
				PRODUCT_BUNDLE_IDENTIFIER = com.elodie.CryptoApp;
				PRODUCT_NAME = "$(TARGET_NAME)";
				SWIFT_EMIT_LOC_STRINGS = YES;
				SWIFT_VERSION = 5.0;
				TARGETED_DEVICE_FAMILY = "1,2";
			};
			name = Release;
		};
/* End XCBuildConfiguration section */

/* Begin XCConfigurationList section */
		C42C8BCA29BA41700043AA7B /* Build configuration list for PBXProject "CryptoApp" */ = {
			isa = XCConfigurationList;
			buildConfigurations = (
				C42C8BDB29BA41710043AA7B /* Debug */,
				C42C8BDC29BA41710043AA7B /* Release */,
			);
			defaultConfigurationIsVisible = 0;
			defaultConfigurationName = Release;
		};
		C42C8BDD29BA41710043AA7B /* Build configuration list for PBXNativeTarget "CryptoApp" */ = {
			isa = XCConfigurationList;
			buildConfigurations = (
				C42C8BDE29BA41710043AA7B /* Debug */,
				C42C8BDF29BA41710043AA7B /* Release */,
			);
			defaultConfigurationIsVisible = 0;
			defaultConfigurationName = Release;
		};
/* End XCConfigurationList section */
	};
	rootObject = C42C8BC729BA41700043AA7B /* Project object */;
}
